
Microsoft Visual Studio Solution File, Format Version 12.00
# Visual Studio Version 17
VisualStudioVersion = 17.12.35527.113 d17.12
MinimumVisualStudioVersion = 10.0.40219.1
Project("{2150E333-8FDC-42A3-9474-1A3956D46DE8}") = "src", "src", "{12E32F8E-2781-4075-BAEF-C95B9D49367B}"
EndProject
Project("{FAE04EC0-301F-11D3-BF4B-00C04F79EFBC}") = "ICMarketsTest.Api", "src\Api\ICMarketsTest.Api.csproj", "{59C11551-B679-4F28-9A5A-A7FCE2D48576}"
EndProject
Project("{FAE04EC0-301F-11D3-BF4B-00C04F79EFBC}") = "ICMarketsTest.Infrastructure", "src\Infrastructure\ICMarketsTest.Infrastructure.csproj", "{64467DE6-2788-4C63-B7BE-2D1A853DF7B3}"
EndProject
Project("{2150E333-8FDC-42A3-9474-1A3956D46DE8}") = "tests", "tests", "{2C171E8D-4A34-4A3C-8ABF-FC710FBE6DC9}"
EndProject
Project("{2150E333-8FDC-42A3-9474-1A3956D46DE8}") = "UnitTests", "UnitTests", "{98B5980F-27E8-4AC1-975C-E9F4A1FA9E78}"
EndProject
Project("{FAE04EC0-301F-11D3-BF4B-00C04F79EFBC}") = "ICMarketsTest.UnitTests", "tests\UnitTests\ICMarketsTest.UnitTests\ICMarketsTest.UnitTests.csproj", "{901453DB-548F-422F-8AAE-72EE30AE33A2}"
EndProject
Project("{2150E333-8FDC-42A3-9474-1A3956D46DE8}") = "IntegrationTests", "IntegrationTests", "{9137E0E8-BF49-4FC8-8FCF-D239B121591F}"
EndProject
Project("{FAE04EC0-301F-11D3-BF4B-00C04F79EFBC}") = "ICMarketsTest.IntegrationTests", "tests\IntegrationTests\ICMarketsTest.IntegrationTests\ICMarketsTest.IntegrationTests.csproj", "{B78469CA-27A6-4683-AAB3-74216C5DA192}"
EndProject
Project("{2150E333-8FDC-42A3-9474-1A3956D46DE8}") = "FunctionalTests", "FunctionalTests", "{ACB00819-DFB5-4912-8368-E8DF4CC83300}"
EndProject
Project("{FAE04EC0-301F-11D3-BF4B-00C04F79EFBC}") = "ICMarketsTest.FunctionalTests", "tests\FunctionalTests\ICMarketsTest.FunctionalTests\ICMarketsTest.FunctionalTests.csproj", "{EE6E0516-C649-4538-BE4C-E35704385BCD}"
EndProject
Project("{FAE04EC0-301F-11D3-BF4B-00C04F79EFBC}") = "ICMarketsTest.Core", "src\Core\ICMarketsTest.Core.csproj", "{BED23AE6-E6D3-484F-BF2D-CBC214C62910}"
EndProject
Project("{FAE04EC0-301F-11D3-BF4B-00C04F79EFBC}") = "ICMarketsTest.Contracts", "src\Contracts\ICMarketsTest.Contracts.csproj", "{80CCB9FF-5466-4225-954A-2D547D3ED52C}"
EndProject
Global
	GlobalSection(SolutionProperties) = preSolution
		HideSolutionNode = FALSE
	EndGlobalSection
	GlobalSection(SolutionConfigurationPlatforms) = preSolution
		Debug|Any CPU = Debug|Any CPU
		Debug|x64 = Debug|x64
		Debug|x86 = Debug|x86
		Release|Any CPU = Release|Any CPU
		Release|x64 = Release|x64
		Release|x86 = Release|x86
	EndGlobalSection
	GlobalSection(ProjectConfigurationPlatforms) = postSolution
		{59C11551-B679-4F28-9A5A-A7FCE2D48576}.Debug|Any CPU.ActiveCfg = Debug|Any CPU
		{59C11551-B679-4F28-9A5A-A7FCE2D48576}.Debug|Any CPU.Build.0 = Debug|Any CPU
		{59C11551-B679-4F28-9A5A-A7FCE2D48576}.Debug|x64.ActiveCfg = Debug|Any CPU
		{59C11551-B679-4F28-9A5A-A7FCE2D48576}.Debug|x64.Build.0 = Debug|Any CPU
		{59C11551-B679-4F28-9A5A-A7FCE2D48576}.Debug|x86.ActiveCfg = Debug|Any CPU
		{59C11551-B679-4F28-9A5A-A7FCE2D48576}.Debug|x86.Build.0 = Debug|Any CPU
		{59C11551-B679-4F28-9A5A-A7FCE2D48576}.Release|Any CPU.ActiveCfg = Release|Any CPU
		{59C11551-B679-4F28-9A5A-A7FCE2D48576}.Release|Any CPU.Build.0 = Release|Any CPU
		{59C11551-B679-4F28-9A5A-A7FCE2D48576}.Release|x64.ActiveCfg = Release|Any CPU
		{59C11551-B679-4F28-9A5A-A7FCE2D48576}.Release|x64.Build.0 = Release|Any CPU
		{59C11551-B679-4F28-9A5A-A7FCE2D48576}.Release|x86.ActiveCfg = Release|Any CPU
		{59C11551-B679-4F28-9A5A-A7FCE2D48576}.Release|x86.Build.0 = Release|Any CPU
		{64467DE6-2788-4C63-B7BE-2D1A853DF7B3}.Debug|Any CPU.ActiveCfg = Debug|Any CPU
		{64467DE6-2788-4C63-B7BE-2D1A853DF7B3}.Debug|Any CPU.Build.0 = Debug|Any CPU
		{64467DE6-2788-4C63-B7BE-2D1A853DF7B3}.Debug|x64.ActiveCfg = Debug|Any CPU
		{64467DE6-2788-4C63-B7BE-2D1A853DF7B3}.Debug|x64.Build.0 = Debug|Any CPU
		{64467DE6-2788-4C63-B7BE-2D1A853DF7B3}.Debug|x86.ActiveCfg = Debug|Any CPU
		{64467DE6-2788-4C63-B7BE-2D1A853DF7B3}.Debug|x86.Build.0 = Debug|Any CPU
		{64467DE6-2788-4C63-B7BE-2D1A853DF7B3}.Release|Any CPU.ActiveCfg = Release|Any CPU
		{64467DE6-2788-4C63-B7BE-2D1A853DF7B3}.Release|Any CPU.Build.0 = Release|Any CPU
		{64467DE6-2788-4C63-B7BE-2D1A853DF7B3}.Release|x64.ActiveCfg = Release|Any CPU
		{64467DE6-2788-4C63-B7BE-2D1A853DF7B3}.Release|x64.Build.0 = Release|Any CPU
		{64467DE6-2788-4C63-B7BE-2D1A853DF7B3}.Release|x86.ActiveCfg = Release|Any CPU
		{64467DE6-2788-4C63-B7BE-2D1A853DF7B3}.Release|x86.Build.0 = Release|Any CPU
		{901453DB-548F-422F-8AAE-72EE30AE33A2}.Debug|Any CPU.ActiveCfg = Debug|Any CPU
		{901453DB-548F-422F-8AAE-72EE30AE33A2}.Debug|Any CPU.Build.0 = Debug|Any CPU
		{901453DB-548F-422F-8AAE-72EE30AE33A2}.Debug|x64.ActiveCfg = Debug|Any CPU
		{901453DB-548F-422F-8AAE-72EE30AE33A2}.Debug|x64.Build.0 = Debug|Any CPU
		{901453DB-548F-422F-8AAE-72EE30AE33A2}.Debug|x86.ActiveCfg = Debug|Any CPU
		{901453DB-548F-422F-8AAE-72EE30AE33A2}.Debug|x86.Build.0 = Debug|Any CPU
		{901453DB-548F-422F-8AAE-72EE30AE33A2}.Release|Any CPU.ActiveCfg = Release|Any CPU
		{901453DB-548F-422F-8AAE-72EE30AE33A2}.Release|Any CPU.Build.0 = Release|Any CPU
		{901453DB-548F-422F-8AAE-72EE30AE33A2}.Release|x64.ActiveCfg = Release|Any CPU
		{901453DB-548F-422F-8AAE-72EE30AE33A2}.Release|x64.Build.0 = Release|Any CPU
		{901453DB-548F-422F-8AAE-72EE30AE33A2}.Release|x86.ActiveCfg = Release|Any CPU
		{901453DB-548F-422F-8AAE-72EE30AE33A2}.Release|x86.Build.0 = Release|Any CPU
		{B78469CA-27A6-4683-AAB3-74216C5DA192}.Debug|Any CPU.ActiveCfg = Debug|Any CPU
		{B78469CA-27A6-4683-AAB3-74216C5DA192}.Debug|Any CPU.Build.0 = Debug|Any CPU
		{B78469CA-27A6-4683-AAB3-74216C5DA192}.Debug|x64.ActiveCfg = Debug|Any CPU
		{B78469CA-27A6-4683-AAB3-74216C5DA192}.Debug|x64.Build.0 = Debug|Any CPU
		{B78469CA-27A6-4683-AAB3-74216C5DA192}.Debug|x86.ActiveCfg = Debug|Any CPU
		{B78469CA-27A6-4683-AAB3-74216C5DA192}.Debug|x86.Build.0 = Debug|Any CPU
		{B78469CA-27A6-4683-AAB3-74216C5DA192}.Release|Any CPU.ActiveCfg = Release|Any CPU
		{B78469CA-27A6-4683-AAB3-74216C5DA192}.Release|Any CPU.Build.0 = Release|Any CPU
		{B78469CA-27A6-4683-AAB3-74216C5DA192}.Release|x64.ActiveCfg = Release|Any CPU
		{B78469CA-27A6-4683-AAB3-74216C5DA192}.Release|x64.Build.0 = Release|Any CPU
		{B78469CA-27A6-4683-AAB3-74216C5DA192}.Release|x86.ActiveCfg = Release|Any CPU
		{B78469CA-27A6-4683-AAB3-74216C5DA192}.Release|x86.Build.0 = Release|Any CPU
		{EE6E0516-C649-4538-BE4C-E35704385BCD}.Debug|Any CPU.ActiveCfg = Debug|Any CPU
		{EE6E0516-C649-4538-BE4C-E35704385BCD}.Debug|Any CPU.Build.0 = Debug|Any CPU
		{EE6E0516-C649-4538-BE4C-E35704385BCD}.Debug|x64.ActiveCfg = Debug|Any CPU
		{EE6E0516-C649-4538-BE4C-E35704385BCD}.Debug|x64.Build.0 = Debug|Any CPU
		{EE6E0516-C649-4538-BE4C-E35704385BCD}.Debug|x86.ActiveCfg = Debug|Any CPU
		{EE6E0516-C649-4538-BE4C-E35704385BCD}.Debug|x86.Build.0 = Debug|Any CPU
		{EE6E0516-C649-4538-BE4C-E35704385BCD}.Release|Any CPU.ActiveCfg = Release|Any CPU
		{EE6E0516-C649-4538-BE4C-E35704385BCD}.Release|Any CPU.Build.0 = Release|Any CPU
		{EE6E0516-C649-4538-BE4C-E35704385BCD}.Release|x64.ActiveCfg = Release|Any CPU
		{EE6E0516-C649-4538-BE4C-E35704385BCD}.Release|x64.Build.0 = Release|Any CPU
		{EE6E0516-C649-4538-BE4C-E35704385BCD}.Release|x86.ActiveCfg = Release|Any CPU
		{EE6E0516-C649-4538-BE4C-E35704385BCD}.Release|x86.Build.0 = Release|Any CPU
		{BED23AE6-E6D3-484F-BF2D-CBC214C62910}.Debug|Any CPU.ActiveCfg = Debug|Any CPU
		{BED23AE6-E6D3-484F-BF2D-CBC214C62910}.Debug|Any CPU.Build.0 = Debug|Any CPU
		{BED23AE6-E6D3-484F-BF2D-CBC214C62910}.Debug|x64.ActiveCfg = Debug|Any CPU
		{BED23AE6-E6D3-484F-BF2D-CBC214C62910}.Debug|x64.Build.0 = Debug|Any CPU
		{BED23AE6-E6D3-484F-BF2D-CBC214C62910}.Debug|x86.ActiveCfg = Debug|Any CPU
		{BED23AE6-E6D3-484F-BF2D-CBC214C62910}.Debug|x86.Build.0 = Debug|Any CPU
		{BED23AE6-E6D3-484F-BF2D-CBC214C62910}.Release|Any CPU.ActiveCfg = Release|Any CPU
		{BED23AE6-E6D3-484F-BF2D-CBC214C62910}.Release|Any CPU.Build.0 = Release|Any CPU
		{BED23AE6-E6D3-484F-BF2D-CBC214C62910}.Release|x64.ActiveCfg = Release|Any CPU
		{BED23AE6-E6D3-484F-BF2D-CBC214C62910}.Release|x64.Build.0 = Release|Any CPU
		{BED23AE6-E6D3-484F-BF2D-CBC214C62910}.Release|x86.ActiveCfg = Release|Any CPU
		{BED23AE6-E6D3-484F-BF2D-CBC214C62910}.Release|x86.Build.0 = Release|Any CPU
		{80CCB9FF-5466-4225-954A-2D547D3ED52C}.Debug|Any CPU.ActiveCfg = Debug|Any CPU
		{80CCB9FF-5466-4225-954A-2D547D3ED52C}.Debug|Any CPU.Build.0 = Debug|Any CPU
		{80CCB9FF-5466-4225-954A-2D547D3ED52C}.Debug|x64.ActiveCfg = Debug|Any CPU
		{80CCB9FF-5466-4225-954A-2D547D3ED52C}.Debug|x64.Build.0 = Debug|Any CPU
		{80CCB9FF-5466-4225-954A-2D547D3ED52C}.Debug|x86.ActiveCfg = Debug|Any CPU
		{80CCB9FF-5466-4225-954A-2D547D3ED52C}.Debug|x86.Build.0 = Debug|Any CPU
		{80CCB9FF-5466-4225-954A-2D547D3ED52C}.Release|Any CPU.ActiveCfg = Release|Any CPU
		{80CCB9FF-5466-4225-954A-2D547D3ED52C}.Release|Any CPU.Build.0 = Release|Any CPU
		{80CCB9FF-5466-4225-954A-2D547D3ED52C}.Release|x64.ActiveCfg = Release|Any CPU
		{80CCB9FF-5466-4225-954A-2D547D3ED52C}.Release|x64.Build.0 = Release|Any CPU
		{80CCB9FF-5466-4225-954A-2D547D3ED52C}.Release|x86.ActiveCfg = Release|Any CPU
		{80CCB9FF-5466-4225-954A-2D547D3ED52C}.Release|x86.Build.0 = Release|Any CPU
	EndGlobalSection
	GlobalSection(NestedProjects) = preSolution
		{59C11551-B679-4F28-9A5A-A7FCE2D48576} = {12E32F8E-2781-4075-BAEF-C95B9D49367B}
		{64467DE6-2788-4C63-B7BE-2D1A853DF7B3} = {12E32F8E-2781-4075-BAEF-C95B9D49367B}
		{98B5980F-27E8-4AC1-975C-E9F4A1FA9E78} = {2C171E8D-4A34-4A3C-8ABF-FC710FBE6DC9}
		{901453DB-548F-422F-8AAE-72EE30AE33A2} = {98B5980F-27E8-4AC1-975C-E9F4A1FA9E78}
		{9137E0E8-BF49-4FC8-8FCF-D239B121591F} = {2C171E8D-4A34-4A3C-8ABF-FC710FBE6DC9}
		{B78469CA-27A6-4683-AAB3-74216C5DA192} = {9137E0E8-BF49-4FC8-8FCF-D239B121591F}
		{ACB00819-DFB5-4912-8368-E8DF4CC83300} = {2C171E8D-4A34-4A3C-8ABF-FC710FBE6DC9}
		{EE6E0516-C649-4538-BE4C-E35704385BCD} = {ACB00819-DFB5-4912-8368-E8DF4CC83300}
		{BED23AE6-E6D3-484F-BF2D-CBC214C62910} = {12E32F8E-2781-4075-BAEF-C95B9D49367B}
		{80CCB9FF-5466-4225-954A-2D547D3ED52C} = {12E32F8E-2781-4075-BAEF-C95B9D49367B}
	EndGlobalSection
EndGlobal
